{
    "name": "@vpilipenko/input",
    "version": "0.0.17",
    "lockfileVersion": 1,
    "requires": true,
    "dependencies": {
        "@vpilipenko/icon": {
            "version": "0.0.9",
            "resolved": "https://registry.npmjs.org/@vpilipenko/icon/-/icon-0.0.9.tgz",
            "integrity": "sha512-pkYyty6/o9tfQOnOLwX+uWmEpQKKvJbrV6HvC4iAhoq4yoRlxaMdIUNnUxxAU7iAx2WIp4f8bRtomHf4hi+PLw=="
        },
        "@vpilipenko/icons": {
            "version": "0.0.18",
            "resolved": "https://registry.npmjs.org/@vpilipenko/icons/-/icons-0.0.18.tgz",
            "integrity": "sha512-/bnQIjj6ZhE40tW3ENE1r6T6w/NrXdN1vyN1Z8Xn8g8amxzGe+2um238GgLh6ETrhdTxuvfcbgyMV6M1hSZwsw==",
            "requires": {
                "@vpilipenko/icon": "^0.0.9"
            }
        }
    }
}
