{
    "name": "@vpilipenko/input",
    "version": "0.0.20",
    "lockfileVersion": 1,
    "requires": true,
    "dependencies": {
        "@vpilipenko/icon": {
            "version": "0.0.9",
            "resolved": "https://registry.npmjs.org/@vpilipenko/icon/-/icon-0.0.9.tgz",
            "integrity": "sha512-pkYyty6/o9tfQOnOLwX+uWmEpQKKvJbrV6HvC4iAhoq4yoRlxaMdIUNnUxxAU7iAx2WIp4f8bRtomHf4hi+PLw=="
        },
        "@vpilipenko/icons": {
            "version": "0.0.20",
            "resolved": "https://registry.npmjs.org/@vpilipenko/icons/-/icons-0.0.20.tgz",
            "integrity": "sha512-676WsLAscmE95OSO+Gi3OnA0qluufcEvOHIG4Ujt9OFutQVyB82g4EpxRoBvI43xoelJ0BJXdfXTLzSAODvYAQ==",
            "requires": {
                "@vpilipenko/icon": "^0.0.9"
            }
        }
    }
}
