{
  "name": "@vpilipenko/input-file",
  "version": "1.0.12",
  "lockfileVersion": 1,
  "requires": true,
  "dependencies": {
    "@vpilipenko/amount": {
      "version": "0.0.17",
      "resolved": "https://registry.npmjs.org/@vpilipenko/amount/-/amount-0.0.17.tgz",
      "integrity": "sha512-m6jdDeKMthVAFEw6WNvdfiHscLfTKwccTTzWixFj+Pn0fE3t4iQd72/4uOxALjiZA/2fO5OzBgd0oPvbFmd/Rw==",
      "requires": {
        "numeral": "^2.0.6"
      }
    },
    "@vpilipenko/button": {
      "version": "0.0.25",
      "resolved": "https://registry.npmjs.org/@vpilipenko/button/-/button-0.0.25.tgz",
      "integrity": "sha512-beyq8CZiBgtaNhqk1/yqLTtp2fHEZq7yElkJIQ+ZhCWj3GwSzMapzUp7xln8Hw4m+/+/SOe2dgwa5ZUNtgcHkw==",
      "requires": {
        "@vpilipenko/amount": "^0.0.17",
        "@vpilipenko/icons": "^0.0.24"
      }
    },
    "@vpilipenko/icon": {
      "version": "0.0.9",
      "resolved": "https://registry.npmjs.org/@vpilipenko/icon/-/icon-0.0.9.tgz",
      "integrity": "sha512-pkYyty6/o9tfQOnOLwX+uWmEpQKKvJbrV6HvC4iAhoq4yoRlxaMdIUNnUxxAU7iAx2WIp4f8bRtomHf4hi+PLw=="
    },
    "@vpilipenko/icon-button": {
      "version": "0.0.25",
      "resolved": "https://registry.npmjs.org/@vpilipenko/icon-button/-/icon-button-0.0.25.tgz",
      "integrity": "sha512-dqkVpuhF93Nfy6UUmJSs9pDUrlZ78N1CYnuxNGwReAETUPclewcT8ZwtMtOqt1F240PI+tECFB8sD/ImTEhJxw==",
      "requires": {
        "@vpilipenko/icons": "^0.0.24"
      }
    },
    "@vpilipenko/icons": {
      "version": "0.0.24",
      "resolved": "https://registry.npmjs.org/@vpilipenko/icons/-/icons-0.0.24.tgz",
      "integrity": "sha512-AZeZUevxq257vkPCXXHSt3KSBueCLibgBo+y2w1bmVKIQ4yXkfJrlUpuqZNyqyY90yOC7wwVMN6fyeG2yRZE2Q==",
      "requires": {
        "@vpilipenko/icon": "^0.0.9"
      }
    },
    "numeral": {
      "version": "2.0.6",
      "resolved": "https://registry.npmjs.org/numeral/-/numeral-2.0.6.tgz",
      "integrity": "sha1-StCAk21EPCVhrtnyGX7//iX05QY="
    }
  }
}
