{
  "name": "@vpilipenko/input-file",
  "version": "1.0.11",
  "lockfileVersion": 1,
  "requires": true,
  "dependencies": {
    "@vpilipenko/amount": {
      "version": "0.0.15",
      "resolved": "https://registry.npmjs.org/@vpilipenko/amount/-/amount-0.0.15.tgz",
      "integrity": "sha512-M5dVY8H95Y1tQ+9lRJ08YUAN4UQyEA5+NgPpA8P/RZgt2yVHa7sogKKjW3d/etvZoxq8UD5YrU5cdHnbvpvhIA=="
    },
    "@vpilipenko/button": {
      "version": "0.0.21",
      "resolved": "https://registry.npmjs.org/@vpilipenko/button/-/button-0.0.21.tgz",
      "integrity": "sha512-1vdNcLZSSmzwKGLNUqrMokxK+UstGNCCndgozJ8L2D+l7GhIsMHxH/sAL9p9Iy7D3+vyzelvUTBIB0vXOnDTnA==",
      "requires": {
        "@vpilipenko/amount": "^0.0.15",
        "@vpilipenko/icons": "^0.0.21"
      }
    },
    "@vpilipenko/icon": {
      "version": "0.0.9",
      "resolved": "https://registry.npmjs.org/@vpilipenko/icon/-/icon-0.0.9.tgz",
      "integrity": "sha512-pkYyty6/o9tfQOnOLwX+uWmEpQKKvJbrV6HvC4iAhoq4yoRlxaMdIUNnUxxAU7iAx2WIp4f8bRtomHf4hi+PLw=="
    },
    "@vpilipenko/icon-button": {
      "version": "0.0.21",
      "resolved": "https://registry.npmjs.org/@vpilipenko/icon-button/-/icon-button-0.0.21.tgz",
      "integrity": "sha512-AuHaAjaMJzhO9dtybHFEVuQf41qOOQDdTQxSnObFddpJ3/DfIhIDy2Nz+HdpcOlAtyQiUq8kIBMgknFD5o8TmQ==",
      "requires": {
        "@vpilipenko/icons": "^0.0.21"
      }
    },
    "@vpilipenko/icons": {
      "version": "0.0.21",
      "resolved": "https://registry.npmjs.org/@vpilipenko/icons/-/icons-0.0.21.tgz",
      "integrity": "sha512-LpFR0dY/IjjCmyM7qX9BUn8H5LllVE8SWD0aIckliQr5/B3jAJJo1Gsc9+4+3h5PcWOvvnmBNG1BkqBckSFsgA==",
      "requires": {
        "@vpilipenko/icon": "^0.0.9"
      }
    }
  }
}
