{
    "name": "@vpilipenko/input-file",
    "version": "1.0.4",
    "lockfileVersion": 1,
    "requires": true,
    "dependencies": {
        "@vpilipenko/amount": {
            "version": "0.0.14",
            "resolved": "https://registry.npmjs.org/@vpilipenko/amount/-/amount-0.0.14.tgz",
            "integrity": "sha512-zGuWvwfp7OtcuCQV3kMxn8eM888Y/BzfvgulfrPORHyFQ6sXfyS+5p2qV5wpJXdLtzEjbDcN0FUgEggErtK8Hg=="
        },
        "@vpilipenko/button": {
            "version": "0.0.16",
            "resolved": "https://registry.npmjs.org/@vpilipenko/button/-/button-0.0.16.tgz",
            "integrity": "sha512-0DjKKp0cbafx0DWtWlsVe171cGUx4yGSJJR3UkZrYFQZKrn59Clke7eLajWH9dTF1C8T2aAMsn6RRZ3vpjuV4w==",
            "requires": {
                "@vpilipenko/amount": "^0.0.14",
                "@vpilipenko/icons": "^0.0.17"
            }
        },
        "@vpilipenko/icon": {
            "version": "0.0.8",
            "resolved": "https://registry.npmjs.org/@vpilipenko/icon/-/icon-0.0.8.tgz",
            "integrity": "sha512-EzmwsK9hF03h4ucW4eW1ATGIqTA0KBZQTCdmaHUR2dwv1ETtg9dWgqvVsKn7H+6m7QwLRKoVFj0pM7LoFrYk0w=="
        },
        "@vpilipenko/icon-button": {
            "version": "0.0.16",
            "resolved": "https://registry.npmjs.org/@vpilipenko/icon-button/-/icon-button-0.0.16.tgz",
            "integrity": "sha512-4gbnb9HU/iNOBnfjk/jXm4yhvwoSvszfdApNQOmwUb7SBVcnvS+WfFgitm+Ky8Y5ooeULPFRAzTDrSI0boSibg==",
            "requires": {
                "@vpilipenko/icons": "^0.0.17"
            }
        },
        "@vpilipenko/icons": {
            "version": "0.0.17",
            "resolved": "https://registry.npmjs.org/@vpilipenko/icons/-/icons-0.0.17.tgz",
            "integrity": "sha512-RwWg+7pSNUQ2Y95EGQIi73uYh9MP29CzMpPzxqaXLCJjgMPT6f9c/NM2+fiv23UzIjmj5LqcqTllMgEM6lR1Rw==",
            "requires": {
                "@vpilipenko/icon": "^0.0.8"
            }
        }
    }
}
