{
    "name": "@vpilipenko/form-group",
    "version": "0.2.7",
    "lockfileVersion": 1,
    "requires": true,
    "dependencies": {
        "@vpilipenko/text": {
            "version": "0.0.18",
            "resolved": "https://registry.npmjs.org/@vpilipenko/text/-/text-0.0.18.tgz",
            "integrity": "sha512-Wuvzmq81K5qla3eGZj9+IJUpyN2Ktzl+dEKBE6bwVbYuVOBH7ErWYnZK6b4MbQgBaIOOE4/AIzbQHS2dxqJb4Q=="
        }
    }
}
