{
    "name": "@vpilipenko/menu-item",
    "version": "0.2.2",
    "lockfileVersion": 1,
    "requires": true,
    "dependencies": {
        "@vpilipenko/icon": {
            "version": "0.0.9",
            "resolved": "https://registry.npmjs.org/@vpilipenko/icon/-/icon-0.0.9.tgz",
            "integrity": "sha512-pkYyty6/o9tfQOnOLwX+uWmEpQKKvJbrV6HvC4iAhoq4yoRlxaMdIUNnUxxAU7iAx2WIp4f8bRtomHf4hi+PLw=="
        },
        "@vpilipenko/icons": {
            "version": "0.2.2",
            "resolved": "https://registry.npmjs.org/@vpilipenko/icons/-/icons-0.2.2.tgz",
            "integrity": "sha512-Pb+cSpoVGclIO57u4+BKwto7BLWm2xgCEH713ilVuwiyDBz9S4f176vtBjglkxUr+sNhMVb42l0YaqArfqVaoA==",
            "requires": {
                "@vpilipenko/icon": "^0.0.9"
            }
        }
    }
}
