{
    "name": "@vpilipenko/menu-item",
    "version": "0.2.2",
    "lockfileVersion": 1,
    "requires": true,
    "dependencies": {
        "@vpilipenko/icon": {
            "version": "0.0.9",
            "resolved": "https://registry.npmjs.org/@vpilipenko/icon/-/icon-0.0.9.tgz",
            "integrity": "sha512-pkYyty6/o9tfQOnOLwX+uWmEpQKKvJbrV6HvC4iAhoq4yoRlxaMdIUNnUxxAU7iAx2WIp4f8bRtomHf4hi+PLw=="
        },
        "@vpilipenko/icons": {
            "version": "0.1.1",
            "resolved": "https://registry.npmjs.org/@vpilipenko/icons/-/icons-0.1.1.tgz",
            "integrity": "sha512-rlHXdhz+DQnSvstjzufzH5j95ECMziVCsjWhs4niVm/i6g88298ec52qaeHGLZT1/EcHxG07qee4HKvQB90U0w==",
            "requires": {
                "@vpilipenko/icon": "^0.0.9"
            }
        }
    }
}
