{
    "name": "@vpilipenko/button",
    "version": "0.0.12",
    "lockfileVersion": 1,
    "requires": true,
    "dependencies": {
        "@vpilipenko/amount": {
            "version": "0.0.12",
            "resolved": "https://registry.npmjs.org/@vpilipenko/amount/-/amount-0.0.12.tgz",
            "integrity": "sha512-oezYBiJ/4A4QLt84UWzvaJANnGe97URaXULrfaMJHscPnDKzmDOI8hpA2eng1cpT9DxsoWK7CCtsdoSOajy5Kw=="
        },
        "@vpilipenko/icon": {
            "version": "0.0.7",
            "resolved": "https://registry.npmjs.org/@vpilipenko/icon/-/icon-0.0.7.tgz",
            "integrity": "sha512-55A3UgifrOfQwAPpu4LAD5LoLOfI7V7N9yzVQ/ARaJBcJLc/z4Ix3A9xpzU/3BGI6yXYnlby0y4Tv7XfM7TOog=="
        },
        "@vpilipenko/icons": {
            "version": "0.0.14",
            "resolved": "https://registry.npmjs.org/@vpilipenko/icons/-/icons-0.0.14.tgz",
            "integrity": "sha512-yC79IbI7xgSOKkl/svjEA4xfI4JwAhVUkgY51QiXGj2b3rlYaHF2PMmPfq8F1ouy1Th2enB9/Qn8dB5NOvw4sA=="
        }
    }
}
