{
    "name": "@vpilipenko/button",
    "version": "0.2.7",
    "lockfileVersion": 1,
    "requires": true,
    "dependencies": {
        "@vpilipenko/amount": {
            "version": "0.2.1",
            "resolved": "https://registry.npmjs.org/@vpilipenko/amount/-/amount-0.2.1.tgz",
            "integrity": "sha512-GohCdVAKgJFXKRwIRHn33HuMnSJk8C2qpg7VbgVVQncRPrBarRL0mJ9tD3UFL/pesOF58YPryftPywDNU2XuGw=="
        },
        "@vpilipenko/icon": {
            "version": "0.0.9",
            "resolved": "https://registry.npmjs.org/@vpilipenko/icon/-/icon-0.0.9.tgz",
            "integrity": "sha512-pkYyty6/o9tfQOnOLwX+uWmEpQKKvJbrV6HvC4iAhoq4yoRlxaMdIUNnUxxAU7iAx2WIp4f8bRtomHf4hi+PLw=="
        },
        "@vpilipenko/icons": {
            "version": "0.0.21",
            "resolved": "https://registry.npmjs.org/@vpilipenko/icons/-/icons-0.0.21.tgz",
            "integrity": "sha512-LpFR0dY/IjjCmyM7qX9BUn8H5LllVE8SWD0aIckliQr5/B3jAJJo1Gsc9+4+3h5PcWOvvnmBNG1BkqBckSFsgA==",
            "requires": {
                "@vpilipenko/icon": "^0.0.9"
            }
        }
    }
}
