{
    "name": "@vpilipenko/layout",
    "version": "0.0.25",
    "lockfileVersion": 1,
    "requires": true,
    "dependencies": {
        "@vpilipenko/icon": {
            "version": "0.0.12",
            "resolved": "https://registry.npmjs.org/@vpilipenko/icon/-/icon-0.0.12.tgz",
            "integrity": "sha512-ng8OMtaxMpwCsq2MCCvmpBhQrYwlX+9SAD20VkjEnhZxo+O7UMoaAGVjB/Kpn6E85h7pO7Kqh8qTmgQYDs8D8w=="
        },
        "@vpilipenko/icons": {
            "version": "0.2.13",
            "resolved": "https://registry.npmjs.org/@vpilipenko/icons/-/icons-0.2.13.tgz",
            "integrity": "sha512-qyXyETE8E+nCPr3oezmJjj5qmzNFvyCk1avEIqCsUq8YSEq9MgRImrrd6qAP0X92qQnTTkSBHsYCxP8H73k4Kg==",
            "requires": {
                "@vpilipenko/icon": "^0.0.12"
            }
        },
        "lodash": {
            "version": "4.17.20",
            "resolved": "https://registry.npmjs.org/lodash/-/lodash-4.17.20.tgz",
            "integrity": "sha512-PlhdFcillOINfeV7Ni6oF1TAEayyZBoZ8bcshTHqOYJYlrqzRK5hagpagky5o4HfCzzd1TRkXPMFq6cKk9rGmA=="
        }
    }
}
