{
    "name": "@vpilipenko/layout",
    "version": "0.0.21",
    "lockfileVersion": 1,
    "requires": true,
    "dependencies": {
        "@vpilipenko/icon": {
            "version": "0.0.12",
            "resolved": "https://registry.npmjs.org/@vpilipenko/icon/-/icon-0.0.12.tgz",
            "integrity": "sha512-ng8OMtaxMpwCsq2MCCvmpBhQrYwlX+9SAD20VkjEnhZxo+O7UMoaAGVjB/Kpn6E85h7pO7Kqh8qTmgQYDs8D8w=="
        },
        "@vpilipenko/icons": {
            "version": "0.2.11",
            "resolved": "https://registry.npmjs.org/@vpilipenko/icons/-/icons-0.2.11.tgz",
            "integrity": "sha512-GJKGFl8bAKbTcv0LM0fp/DYJWE13cedP1NnMxMITog9lVQS2m96U0yZ7HS5Q6gYC7cHJ6pK0kKoiKtoX87wQdQ==",
            "requires": {
                "@vpilipenko/icon": "^0.0.12"
            }
        },
        "lodash": {
            "version": "4.17.20",
            "resolved": "https://registry.npmjs.org/lodash/-/lodash-4.17.20.tgz",
            "integrity": "sha512-PlhdFcillOINfeV7Ni6oF1TAEayyZBoZ8bcshTHqOYJYlrqzRK5hagpagky5o4HfCzzd1TRkXPMFq6cKk9rGmA=="
        }
    }
}
