{
    "name": "@vpilipenko/autocomplete",
    "version": "0.1.13",
    "lockfileVersion": 1,
    "requires": true,
    "dependencies": {
        "@babel/runtime": {
            "version": "7.10.2",
            "resolved": "https://registry.npmjs.org/@babel/runtime/-/runtime-7.10.2.tgz",
            "integrity": "sha512-6sF3uQw2ivImfVIl62RZ7MXhO2tap69WeWK57vAaimT6AZbE4FbqjdEJIN1UqoD6wI6B+1n9UiagafH1sxjOtg==",
            "requires": {
                "regenerator-runtime": "^0.13.4"
            }
        },
        "@popperjs/core": {
            "version": "2.4.2",
            "resolved": "https://registry.npmjs.org/@popperjs/core/-/core-2.4.2.tgz",
            "integrity": "sha512-JlGTGRYHC2QK+DDbePyXdBdooxFq2+noLfWpRqJtkxcb/oYWzOF0kcbfvvbWrwevCC1l6hLUg1wHYT+ona5BWQ=="
        },
        "@vpilipenko/icon": {
            "version": "0.0.9",
            "resolved": "https://registry.npmjs.org/@vpilipenko/icon/-/icon-0.0.9.tgz",
            "integrity": "sha512-pkYyty6/o9tfQOnOLwX+uWmEpQKKvJbrV6HvC4iAhoq4yoRlxaMdIUNnUxxAU7iAx2WIp4f8bRtomHf4hi+PLw=="
        },
        "@vpilipenko/icons": {
            "version": "0.0.21",
            "resolved": "https://registry.npmjs.org/@vpilipenko/icons/-/icons-0.0.21.tgz",
            "integrity": "sha512-LpFR0dY/IjjCmyM7qX9BUn8H5LllVE8SWD0aIckliQr5/B3jAJJo1Gsc9+4+3h5PcWOvvnmBNG1BkqBckSFsgA==",
            "requires": {
                "@vpilipenko/icon": "^0.0.9"
            }
        },
        "@vpilipenko/input": {
            "version": "0.2.6",
            "resolved": "https://registry.npmjs.org/@vpilipenko/input/-/input-0.2.6.tgz",
            "integrity": "sha512-DLPsNxkQoV3yTZY3xSY6Zo68gzl6VtqgjOole1VnjZ/evvRrCjYZ2YCyIOsawOdoymTFIdo4A0q+dKgOUapeGw==",
            "requires": {
                "@vpilipenko/icons": "^0.0.21"
            }
        },
        "@vpilipenko/menu": {
            "version": "0.0.7",
            "resolved": "https://registry.npmjs.org/@vpilipenko/menu/-/menu-0.0.7.tgz",
            "integrity": "sha512-GxzvXCMoI3mhTqdyZHC9hEMStTH+vNbJNBT1wR3RbQURQjL8dYXehpEFpfalsW5NAFf/pSD3qMDOC2VjswJ5IA=="
        },
        "@vpilipenko/menu-item": {
            "version": "0.2.10",
            "resolved": "https://registry.npmjs.org/@vpilipenko/menu-item/-/menu-item-0.2.10.tgz",
            "integrity": "sha512-8rAXFKZOC8vkjy0mvevqD9QsvGhH6cXWGPv3cCPQXvh9b877RSOufjgNf9OIy7/LSiUiCk8m1E70wUv2eJyueA==",
            "requires": {
                "@vpilipenko/icons": "^0.2.8"
            },
            "dependencies": {
                "@vpilipenko/icon": {
                    "version": "0.0.12",
                    "resolved": "https://registry.npmjs.org/@vpilipenko/icon/-/icon-0.0.12.tgz",
                    "integrity": "sha512-ng8OMtaxMpwCsq2MCCvmpBhQrYwlX+9SAD20VkjEnhZxo+O7UMoaAGVjB/Kpn6E85h7pO7Kqh8qTmgQYDs8D8w=="
                },
                "@vpilipenko/icons": {
                    "version": "0.2.8",
                    "resolved": "https://registry.npmjs.org/@vpilipenko/icons/-/icons-0.2.8.tgz",
                    "integrity": "sha512-B9IIfXZ7GDblE3/1MJwKiLdkN1v9rkdYxqzAU1W9PhXMoZvwXLUnF2+hRF1UEdoRH3FAYxd0siOAEWyvBs5Jhw==",
                    "requires": {
                        "@vpilipenko/icon": "^0.0.12"
                    }
                }
            }
        },
        "is-hotkey": {
            "version": "0.1.6",
            "resolved": "https://registry.npmjs.org/is-hotkey/-/is-hotkey-0.1.6.tgz",
            "integrity": "sha512-1+hMr0GLPM0M49UDRt9RgE8i+SM29UY4AGRP6sGz6fThOVXqSrEvTMakolhHMcVizJnPNAoMpEmE+Oi1k2NrZQ=="
        },
        "js-tokens": {
            "version": "4.0.0",
            "resolved": "https://registry.npmjs.org/js-tokens/-/js-tokens-4.0.0.tgz",
            "integrity": "sha512-RdJUflcE3cUzKiMqQgsCu06FPu9UdIJO0beYbPhHN4k6apgJtifcoCtT9bcxOpYBtpD2kCM6Sbzg4CausW/PKQ=="
        },
        "loose-envify": {
            "version": "1.4.0",
            "resolved": "https://registry.npmjs.org/loose-envify/-/loose-envify-1.4.0.tgz",
            "integrity": "sha512-lyuxPGr/Wfhrlem2CL/UcnUc1zcqKAImBDzukY7Y5F/yQiNdko6+fRLevlw1HgMySw7f611UIY408EtxRSoK3Q==",
            "requires": {
                "js-tokens": "^3.0.0 || ^4.0.0"
            }
        },
        "object-assign": {
            "version": "4.1.1",
            "resolved": "https://registry.npmjs.org/object-assign/-/object-assign-4.1.1.tgz",
            "integrity": "sha1-IQmtx5ZYh8/AXLvUQsrIv7s2CGM="
        },
        "prop-types": {
            "version": "15.7.2",
            "resolved": "https://registry.npmjs.org/prop-types/-/prop-types-15.7.2.tgz",
            "integrity": "sha512-8QQikdH7//R2vurIJSutZ1smHYTcLpRWEOlHnzcWHmBYrOGUysKwSsrC89BCiFj3CbrfJ/nXFdJepOVrY1GCHQ==",
            "requires": {
                "loose-envify": "^1.4.0",
                "object-assign": "^4.1.1",
                "react-is": "^16.8.1"
            }
        },
        "react-event-listener": {
            "version": "0.6.6",
            "resolved": "https://registry.npmjs.org/react-event-listener/-/react-event-listener-0.6.6.tgz",
            "integrity": "sha512-+hCNqfy7o9wvO6UgjqFmBzARJS7qrNoda0VqzvOuioEpoEXKutiKuv92dSz6kP7rYLmyHPyYNLesi5t/aH1gfw==",
            "requires": {
                "@babel/runtime": "^7.2.0",
                "prop-types": "^15.6.0",
                "warning": "^4.0.1"
            }
        },
        "react-fast-compare": {
            "version": "3.2.0",
            "resolved": "https://registry.npmjs.org/react-fast-compare/-/react-fast-compare-3.2.0.tgz",
            "integrity": "sha512-rtGImPZ0YyLrscKI9xTpV8psd6I8VAtjKCzQDlzyDvqJA8XOW78TXYQwNRNd8g8JZnDu8q9Fu/1v4HPAVwVdHA=="
        },
        "react-is": {
            "version": "16.13.1",
            "resolved": "https://registry.npmjs.org/react-is/-/react-is-16.13.1.tgz",
            "integrity": "sha512-24e6ynE2H+OKt4kqsOvNd8kBpV65zoxbA4BVsEOB3ARVWQki/DHzaUoC5KuON/BiccDaCCTZBuOcfZs70kR8bQ=="
        },
        "react-popper": {
            "version": "2.2.3",
            "resolved": "https://registry.npmjs.org/react-popper/-/react-popper-2.2.3.tgz",
            "integrity": "sha512-mOEiMNT1249js0jJvkrOjyHsGvqcJd3aGW/agkiMoZk3bZ1fXN1wQszIQSjHIai48fE67+zwF8Cs+C4fWqlfjw==",
            "requires": {
                "react-fast-compare": "^3.0.1",
                "warning": "^4.0.2"
            }
        },
        "regenerator-runtime": {
            "version": "0.13.5",
            "resolved": "https://registry.npmjs.org/regenerator-runtime/-/regenerator-runtime-0.13.5.tgz",
            "integrity": "sha512-ZS5w8CpKFinUzOwW3c83oPeVXoNsrLsaCoLtJvAClH135j/R77RuymhiSErhm2lKcwSCIpmvIWSbDkIfAqKQlA=="
        },
        "warning": {
            "version": "4.0.3",
            "resolved": "https://registry.npmjs.org/warning/-/warning-4.0.3.tgz",
            "integrity": "sha512-rpJyN222KWIvHJ/F53XSZv0Zl/accqHR8et1kpaMTD/fLCRxtV8iX8czMzY7sVZupTI3zcUTg8eycS2kNF9l6w==",
            "requires": {
                "loose-envify": "^1.0.0"
            }
        }
    }
}
