{
    "name": "@vpilipenko/checkbox",
    "version": "0.0.17",
    "lockfileVersion": 1,
    "requires": true,
    "dependencies": {
        "1": {
            "version": "0.1.2",
            "resolved": "https://registry.npmjs.org/1/-/1-0.1.2.tgz",
            "integrity": "sha1-xR1trjS4oLogNM8B262/3+RJQa0=",
            "requires": {
                "async": "~0.1.22",
                "mdns2": "~2.1.3",
                "mout": "~0.2.0",
                "node-uuid": "~1.4.0",
                "zmq": "~2.4.0"
            }
        },
        "@vpilipenko/icon": {
            "version": "0.0.8",
            "resolved": "https://registry.npmjs.org/@vpilipenko/icon/-/icon-0.0.8.tgz",
            "integrity": "sha512-EzmwsK9hF03h4ucW4eW1ATGIqTA0KBZQTCdmaHUR2dwv1ETtg9dWgqvVsKn7H+6m7QwLRKoVFj0pM7LoFrYk0w=="
        },
        "@vpilipenko/icons": {
            "version": "0.0.17",
            "resolved": "https://registry.npmjs.org/@vpilipenko/icons/-/icons-0.0.17.tgz",
            "integrity": "sha512-RwWg+7pSNUQ2Y95EGQIi73uYh9MP29CzMpPzxqaXLCJjgMPT6f9c/NM2+fiv23UzIjmj5LqcqTllMgEM6lR1Rw==",
            "requires": {
                "@vpilipenko/icon": "^0.0.8"
            }
        },
        "async": {
            "version": "0.1.22",
            "resolved": "https://registry.npmjs.org/async/-/async-0.1.22.tgz",
            "integrity": "sha1-D8GqoIig4+8Ovi2IMbqw3PiEUGE="
        },
        "mdns2": {
            "version": "2.1.4",
            "resolved": "https://registry.npmjs.org/mdns2/-/mdns2-2.1.4.tgz",
            "integrity": "sha1-j05KUzs7TqrfvOQaNml5XPfayfc="
        },
        "mout": {
            "version": "0.2.0",
            "resolved": "https://registry.npmjs.org/mout/-/mout-0.2.0.tgz",
            "integrity": "sha1-mkVLf5zdoKEbC35LhwQYhaXglbk="
        },
        "node-uuid": {
            "version": "1.4.8",
            "resolved": "https://registry.npmjs.org/node-uuid/-/node-uuid-1.4.8.tgz",
            "integrity": "sha1-sEDrCSOWivq/jTL7HxfxFn/auQc="
        },
        "zmq": {
            "version": "2.4.0",
            "resolved": "https://registry.npmjs.org/zmq/-/zmq-2.4.0.tgz",
            "integrity": "sha1-/bSBS9NiPXDlrwSpYifGPSMDTlg="
        }
    }
}
