{
    "name": "@vpilipenko/checkbox",
    "version": "0.0.13",
    "lockfileVersion": 1,
    "requires": true,
    "dependencies": {
        "@vpilipenko/icons": {
            "version": "0.0.14",
            "resolved": "https://registry.npmjs.org/@vpilipenko/icons/-/icons-0.0.14.tgz",
            "integrity": "sha512-yC79IbI7xgSOKkl/svjEA4xfI4JwAhVUkgY51QiXGj2b3rlYaHF2PMmPfq8F1ouy1Th2enB9/Qn8dB5NOvw4sA=="
        }
    }
}
