{
    "name": "@vpilipenko/checkbox",
    "version": "0.0.17",
    "lockfileVersion": 1,
    "requires": true,
    "dependencies": {
        "@vpilipenko/icon": {
            "version": "0.0.8",
            "resolved": "https://registry.npmjs.org/@vpilipenko/icon/-/icon-0.0.8.tgz",
            "integrity": "sha512-EzmwsK9hF03h4ucW4eW1ATGIqTA0KBZQTCdmaHUR2dwv1ETtg9dWgqvVsKn7H+6m7QwLRKoVFj0pM7LoFrYk0w=="
        },
        "@vpilipenko/icons": {
            "version": "0.0.16",
            "resolved": "https://registry.npmjs.org/@vpilipenko/icons/-/icons-0.0.16.tgz",
            "integrity": "sha512-HgwQydkUWTaedBt3eUmPGKYRcog+mUlrF+CfMkn/OYlsdMR/YrdjQLLfIVUjsDsCxVEkSkxFQHxxCcJ9qjpb9w==",
            "requires": {
                "@vpilipenko/icon": "^0.0.8"
            }
        }
    }
}
