{
    "name": "@vpilipenko/icon-button",
    "version": "0.0.23",
    "lockfileVersion": 1,
    "requires": true,
    "dependencies": {
        "@vpilipenko/icon": {
            "version": "0.0.9",
            "resolved": "https://registry.npmjs.org/@vpilipenko/icon/-/icon-0.0.9.tgz",
            "integrity": "sha512-pkYyty6/o9tfQOnOLwX+uWmEpQKKvJbrV6HvC4iAhoq4yoRlxaMdIUNnUxxAU7iAx2WIp4f8bRtomHf4hi+PLw=="
        },
        "@vpilipenko/icons": {
            "version": "0.0.23",
            "resolved": "https://registry.npmjs.org/@vpilipenko/icons/-/icons-0.0.23.tgz",
            "integrity": "sha512-JEmSAorYxgHlzjaGdYpcfCaeaMFo1e1Qsk4mHx0RFJHVRiMFG7XLZpUuf4opqCm7bvvCfIEBvG92pX8lhmnDKg==",
            "requires": {
                "@vpilipenko/icon": "^0.0.9"
            }
        }
    }
}
