{
    "name": "@vpilipenko/icon-button",
    "version": "0.0.13",
    "lockfileVersion": 1,
    "requires": true,
    "dependencies": {
        "@vpilipenko/icon": {
            "version": "0.0.8",
            "resolved": "https://registry.npmjs.org/@vpilipenko/icon/-/icon-0.0.8.tgz",
            "integrity": "sha512-EzmwsK9hF03h4ucW4eW1ATGIqTA0KBZQTCdmaHUR2dwv1ETtg9dWgqvVsKn7H+6m7QwLRKoVFj0pM7LoFrYk0w=="
        },
        "@vpilipenko/icons": {
            "version": "0.0.15",
            "resolved": "https://registry.npmjs.org/@vpilipenko/icons/-/icons-0.0.15.tgz",
            "integrity": "sha512-5/6rYJpTAy8YiBOGRUtLTiBT6Rntc/Or2HhJaa2P/5Xtx1WCPNjPjS69f66QGmeqa0G7totqx7glFcKF/6YNfQ==",
            "requires": {
                "@vpilipenko/icon": "^0.0.8"
            }
        }
    }
}
