{
    "name": "@vpilipenko/icon-button",
    "version": "0.0.17",
    "lockfileVersion": 1,
    "requires": true,
    "dependencies": {
        "@vpilipenko/icon": {
            "version": "0.0.8",
            "resolved": "https://registry.npmjs.org/@vpilipenko/icon/-/icon-0.0.8.tgz",
            "integrity": "sha512-EzmwsK9hF03h4ucW4eW1ATGIqTA0KBZQTCdmaHUR2dwv1ETtg9dWgqvVsKn7H+6m7QwLRKoVFj0pM7LoFrYk0w=="
        },
        "@vpilipenko/icons": {
            "version": "0.0.17",
            "resolved": "https://registry.npmjs.org/@vpilipenko/icons/-/icons-0.0.17.tgz",
            "integrity": "sha512-RwWg+7pSNUQ2Y95EGQIi73uYh9MP29CzMpPzxqaXLCJjgMPT6f9c/NM2+fiv23UzIjmj5LqcqTllMgEM6lR1Rw==",
            "requires": {
                "@vpilipenko/icon": "^0.0.8"
            }
        }
    }
}
