{
    "name": "@vpilipenko/icons",
    "version": "0.0.12",
    "lockfileVersion": 1,
    "requires": true,
    "dependencies": {
        "@vpilipenko/icon": {
            "version": "0.0.4",
            "resolved": "https://registry.npmjs.org/@vpilipenko/icon/-/icon-0.0.4.tgz",
            "integrity": "sha512-3kE+Oqp4L5krTLFCduf9ElVllsuMhcs133kRoo/ZEdiRtWqBz51BQWOK4+irV0mYJD6+2Hs3MoqwqdYOr9fFMQ=="
        }
    }
}
