{
    "name": "@vpilipenko/icons",
    "version": "0.0.11",
    "lockfileVersion": 1,
    "requires": true,
    "dependencies": {
        "@vpilipenko/icon": {
            "version": "0.0.2",
            "resolved": "https://registry.npmjs.org/@vpilipenko/icon/-/icon-0.0.2.tgz",
            "integrity": "sha512-nrZWpRpzUsiKlfGBxeIq/lGDn0x6hUyYse6GVxVfW1JLX/PhWCVK/cSmKwrnuSB2YxPcjXkQiSd7k480LhcahQ==",
            "dev": true
        }
    }
}
