{
    "name": "@vpilipenko/radio-group",
    "version": "0.2.2",
    "lockfileVersion": 1,
    "requires": true,
    "dependencies": {
        "@vpilipenko/radio": {
            "version": "0.2.1",
            "resolved": "https://registry.npmjs.org/@vpilipenko/radio/-/radio-0.2.1.tgz",
            "integrity": "sha512-WB0gxGf2wV8RriLPemqlyQz4U8xwwHMIIqHOq6ZGODDfAn+0qnXa5hWlvC5SzustiK9YKPki+YZFN3qZ9dFAHw=="
        }
    }
}
