{
    "name": "@vpilipenko/radio-group",
    "version": "0.1.1",
    "lockfileVersion": 1,
    "requires": true,
    "dependencies": {
        "@vpilipenko/radio": {
            "version": "0.1.1",
            "resolved": "https://registry.npmjs.org/@vpilipenko/radio/-/radio-0.1.1.tgz",
            "integrity": "sha512-Mr8sRrVRB3MHgUqQ119l2q6hEqMp+hMRDbSMMBXv5yplVg0Vfk2+hQnBiDyBVmKcHr6JfO8iAd9t8dZK1y78dA=="
        }
    }
}
