{
    "name": "@vpilipenko/radio-group",
    "version": "0.0.0",
    "lockfileVersion": 1,
    "requires": true,
    "dependencies": {
        "@vpilipenko/radio": {
            "version": "0.0.1",
            "resolved": "https://registry.npmjs.org/@vpilipenko/radio/-/radio-0.0.1.tgz",
            "integrity": "sha512-4flMNNckaMSS0SLa5KlqWwPXSWCQsVy6O7JnK7IVXnmlcORazS9GOKJnybqmBtMArP8WZAzdxDjT56vn53PySA=="
        }
    }
}
